
Microsoft Visual Studio Solution File, Format Version 12.00
# Visual Studio Version 17
VisualStudioVersion = 17.5.002.0
MinimumVisualStudioVersion = 10.0.40219.1
Project("{9A19103F-16F7-4668-BE54-9A1E7A4F7556}") = "T1", "T1.csproj", "{EAA8825D-1EF0-4B72-B7B7-015930D618EE}"
EndProject
Global
	GlobalSection(SolutionConfigurationPlatforms) = preSolution
		Debug|Any CPU = Debug|Any CPU
		Release|Any CPU = Release|Any CPU
	EndGlobalSection
	GlobalSection(ProjectConfigurationPlatforms) = postSolution
		{EAA8825D-1EF0-4B72-B7B7-015930D618EE}.Debug|Any CPU.ActiveCfg = Debug|Any CPU
		{EAA8825D-1EF0-4B72-B7B7-015930D618EE}.Debug|Any CPU.Build.0 = Debug|Any CPU
		{EAA8825D-1EF0-4B72-B7B7-015930D618EE}.Release|Any CPU.ActiveCfg = Release|Any CPU
		{EAA8825D-1EF0-4B72-B7B7-015930D618EE}.Release|Any CPU.Build.0 = Release|Any CPU
	EndGlobalSection
	GlobalSection(SolutionProperties) = preSolution
		HideSolutionNode = FALSE
	EndGlobalSection
	GlobalSection(ExtensibilityGlobals) = postSolution
		SolutionGuid = {0D256FB6-0A06-4FA9-A12B-68B11270A598}
	EndGlobalSection
EndGlobal
